
Microsoft Visual Studio Solution File, Format Version 12.00
# Visual Studio Version 17
VisualStudioVersion = 17.9.34622.214
MinimumVisualStudioVersion = 10.0.40219.1
Project("{FAE04EC0-301F-11D3-BF4B-00C04F79EFBC}") = "WpfApp2", "WpfApp2\WpfApp2.csproj", "{640880AD-BCCE-4D30-BA66-2D5C872EE643}"
EndProject
Global
	GlobalSection(SolutionConfigurationPlatforms) = preSolution
		Debug|Any CPU = Debug|Any CPU
		Release|Any CPU = Release|Any CPU
	EndGlobalSection
	GlobalSection(ProjectConfigurationPlatforms) = postSolution
		{640880AD-BCCE-4D30-BA66-2D5C872EE643}.Debug|Any CPU.ActiveCfg = Debug|Any CPU
		{640880AD-BCCE-4D30-BA66-2D5C872EE643}.Debug|Any CPU.Build.0 = Debug|Any CPU
		{640880AD-BCCE-4D30-BA66-2D5C872EE643}.Release|Any CPU.ActiveCfg = Release|Any CPU
		{640880AD-BCCE-4D30-BA66-2D5C872EE643}.Release|Any CPU.Build.0 = Release|Any CPU
	EndGlobalSection
	GlobalSection(SolutionProperties) = preSolution
		HideSolutionNode = FALSE
	EndGlobalSection
	GlobalSection(ExtensibilityGlobals) = postSolution
		SolutionGuid = {4026914A-047B-493A-A117-3DE7DE125D2E}
	EndGlobalSection
EndGlobal
